
Microsoft Visual Studio Solution File, Format Version 12.00
# Visual Studio Version 17
VisualStudioVersion = 17.5.33530.505
MinimumVisualStudioVersion = 10.0.40219.1
Project("{FAE04EC0-301F-11D3-BF4B-00C04F79EFBC}") = "RepositoryPattern&UnitOfWork", "RepositoryPattern&UnitOfWork\RepositoryPattern&UnitOfWork.csproj", "{2C753026-D424-4D09-A795-4FC4098A6891}"
EndProject
Global
	GlobalSection(SolutionConfigurationPlatforms) = preSolution
		Debug|Any CPU = Debug|Any CPU
		Release|Any CPU = Release|Any CPU
	EndGlobalSection
	GlobalSection(ProjectConfigurationPlatforms) = postSolution
		{2C753026-D424-4D09-A795-4FC4098A6891}.Debug|Any CPU.ActiveCfg = Debug|Any CPU
		{2C753026-D424-4D09-A795-4FC4098A6891}.Debug|Any CPU.Build.0 = Debug|Any CPU
		{2C753026-D424-4D09-A795-4FC4098A6891}.Release|Any CPU.ActiveCfg = Release|Any CPU
		{2C753026-D424-4D09-A795-4FC4098A6891}.Release|Any CPU.Build.0 = Release|Any CPU
	EndGlobalSection
	GlobalSection(SolutionProperties) = preSolution
		HideSolutionNode = FALSE
	EndGlobalSection
	GlobalSection(ExtensibilityGlobals) = postSolution
		SolutionGuid = {30F31529-9F2B-4101-88E7-7C4E63CF6A16}
	EndGlobalSection
EndGlobal
